
Microsoft Visual Studio Solution File, Format Version 12.00
# Visual Studio Version 17
VisualStudioVersion = 17.5.002.0
MinimumVisualStudioVersion = 10.0.40219.1
Project("{2150E333-8FDC-42A3-9474-1A3956D46DE8}") = "src", "src", "{42063A23-F6CE-4312-A4A1-D0D878147F2E}"
EndProject
Project("{9A19103F-16F7-4668-BE54-9A1E7A4F7556}") = "Korez73.IdServ.InteractiveApp.IdentityServer", "src\Korez73.IdServ.InteractiveApp.IdentityServer\Korez73.IdServ.InteractiveApp.IdentityServer.csproj", "{B4E0BB42-1C27-46D0-ACEC-D1BE346B4EA9}"
EndProject
Project("{FAE04EC0-301F-11D3-BF4B-00C04F79EFBC}") = "Korez73.IdServ.InteractiveApp.WebClient", "src\Korez73.IdServ.InteractiveApp.WebClient\Korez73.IdServ.InteractiveApp.WebClient.csproj", "{80FE898E-BD9D-4071-8943-498E59ABBE35}"
EndProject
Global
	GlobalSection(SolutionConfigurationPlatforms) = preSolution
		Debug|Any CPU = Debug|Any CPU
		Release|Any CPU = Release|Any CPU
	EndGlobalSection
	GlobalSection(ProjectConfigurationPlatforms) = postSolution
		{B4E0BB42-1C27-46D0-ACEC-D1BE346B4EA9}.Debug|Any CPU.ActiveCfg = Debug|Any CPU
		{B4E0BB42-1C27-46D0-ACEC-D1BE346B4EA9}.Debug|Any CPU.Build.0 = Debug|Any CPU
		{B4E0BB42-1C27-46D0-ACEC-D1BE346B4EA9}.Release|Any CPU.ActiveCfg = Release|Any CPU
		{B4E0BB42-1C27-46D0-ACEC-D1BE346B4EA9}.Release|Any CPU.Build.0 = Release|Any CPU
		{80FE898E-BD9D-4071-8943-498E59ABBE35}.Debug|Any CPU.ActiveCfg = Debug|Any CPU
		{80FE898E-BD9D-4071-8943-498E59ABBE35}.Debug|Any CPU.Build.0 = Debug|Any CPU
		{80FE898E-BD9D-4071-8943-498E59ABBE35}.Release|Any CPU.ActiveCfg = Release|Any CPU
		{80FE898E-BD9D-4071-8943-498E59ABBE35}.Release|Any CPU.Build.0 = Release|Any CPU
	EndGlobalSection
	GlobalSection(SolutionProperties) = preSolution
		HideSolutionNode = FALSE
	EndGlobalSection
	GlobalSection(NestedProjects) = preSolution
		{B4E0BB42-1C27-46D0-ACEC-D1BE346B4EA9} = {42063A23-F6CE-4312-A4A1-D0D878147F2E}
		{80FE898E-BD9D-4071-8943-498E59ABBE35} = {42063A23-F6CE-4312-A4A1-D0D878147F2E}
	EndGlobalSection
	GlobalSection(ExtensibilityGlobals) = postSolution
		SolutionGuid = {DDB20662-1A4A-4E99-B81D-B6DE86C969C5}
	EndGlobalSection
EndGlobal
